
Microsoft Visual Studio Solution File, Format Version 12.00
# Visual Studio Version 17
VisualStudioVersion = 17.4.33205.214
MinimumVisualStudioVersion = 10.0.40219.1
Project("{9A19103F-16F7-4668-BE54-9A1E7A4F7556}") = "Immaterium", "Immaterium\Immaterium.csproj", "{9D8B8DD2-12AB-4794-923E-F8C4A69C01F4}"
EndProject
Project("{9A19103F-16F7-4668-BE54-9A1E7A4F7556}") = "Immaterium.Transports.RabbitMQ", "Immaterium.Transports.RabbitMQ\Immaterium.Transports.RabbitMQ.csproj", "{198FFCD2-B728-4C88-B1CD-70F9B68C5F05}"
EndProject
Project("{9A19103F-16F7-4668-BE54-9A1E7A4F7556}") = "Immaterium.Transports.Tests", "Immaterium.Transports.Tests\Immaterium.Transports.Tests.csproj", "{83BBD0D3-E92F-4C82-BCD1-3AECA047072A}"
EndProject
Project("{2150E333-8FDC-42A3-9474-1A3956D46DE8}") = "Transports", "Transports", "{4DC2DCD9-2F14-4545-8003-E9D1408E5763}"
EndProject
Project("{9A19103F-16F7-4668-BE54-9A1E7A4F7556}") = "Immaterium.Transports.Nats", "Immaterium.Transports.Nats\Immaterium.Transports.Nats.csproj", "{AF0D46D7-FF8C-481D-B50E-03DBBC74B88A}"
EndProject
Global
	GlobalSection(SolutionConfigurationPlatforms) = preSolution
		Debug|Any CPU = Debug|Any CPU
		Release|Any CPU = Release|Any CPU
	EndGlobalSection
	GlobalSection(ProjectConfigurationPlatforms) = postSolution
		{9D8B8DD2-12AB-4794-923E-F8C4A69C01F4}.Debug|Any CPU.ActiveCfg = Debug|Any CPU
		{9D8B8DD2-12AB-4794-923E-F8C4A69C01F4}.Debug|Any CPU.Build.0 = Debug|Any CPU
		{9D8B8DD2-12AB-4794-923E-F8C4A69C01F4}.Release|Any CPU.ActiveCfg = Release|Any CPU
		{9D8B8DD2-12AB-4794-923E-F8C4A69C01F4}.Release|Any CPU.Build.0 = Release|Any CPU
		{198FFCD2-B728-4C88-B1CD-70F9B68C5F05}.Debug|Any CPU.ActiveCfg = Debug|Any CPU
		{198FFCD2-B728-4C88-B1CD-70F9B68C5F05}.Debug|Any CPU.Build.0 = Debug|Any CPU
		{198FFCD2-B728-4C88-B1CD-70F9B68C5F05}.Release|Any CPU.ActiveCfg = Release|Any CPU
		{198FFCD2-B728-4C88-B1CD-70F9B68C5F05}.Release|Any CPU.Build.0 = Release|Any CPU
		{83BBD0D3-E92F-4C82-BCD1-3AECA047072A}.Debug|Any CPU.ActiveCfg = Debug|Any CPU
		{83BBD0D3-E92F-4C82-BCD1-3AECA047072A}.Debug|Any CPU.Build.0 = Debug|Any CPU
		{83BBD0D3-E92F-4C82-BCD1-3AECA047072A}.Release|Any CPU.ActiveCfg = Release|Any CPU
		{83BBD0D3-E92F-4C82-BCD1-3AECA047072A}.Release|Any CPU.Build.0 = Release|Any CPU
		{AF0D46D7-FF8C-481D-B50E-03DBBC74B88A}.Debug|Any CPU.ActiveCfg = Debug|Any CPU
		{AF0D46D7-FF8C-481D-B50E-03DBBC74B88A}.Debug|Any CPU.Build.0 = Debug|Any CPU
		{AF0D46D7-FF8C-481D-B50E-03DBBC74B88A}.Release|Any CPU.ActiveCfg = Release|Any CPU
		{AF0D46D7-FF8C-481D-B50E-03DBBC74B88A}.Release|Any CPU.Build.0 = Release|Any CPU
	EndGlobalSection
	GlobalSection(SolutionProperties) = preSolution
		HideSolutionNode = FALSE
	EndGlobalSection
	GlobalSection(NestedProjects) = preSolution
		{198FFCD2-B728-4C88-B1CD-70F9B68C5F05} = {4DC2DCD9-2F14-4545-8003-E9D1408E5763}
		{83BBD0D3-E92F-4C82-BCD1-3AECA047072A} = {4DC2DCD9-2F14-4545-8003-E9D1408E5763}
		{AF0D46D7-FF8C-481D-B50E-03DBBC74B88A} = {4DC2DCD9-2F14-4545-8003-E9D1408E5763}
	EndGlobalSection
	GlobalSection(ExtensibilityGlobals) = postSolution
		SolutionGuid = {6A8C5701-E9BA-4B32-8700-7BE358AE80FF}
	EndGlobalSection
EndGlobal
